// !$*UTF8*$!
{
	archiveVersion = 1;
	classes = {
	};
	objectVersion = 50;
	objects = {

/* Begin PBXBuildFile section */
		D690EE5425B6D2D600F772B6 /* DataController.swift in Sources */ = {isa = PBXBuildFile; fileRef = D690EE5325B6D2D600F772B6 /* DataController.swift */; };
		D690EE5625B6EA6400F772B6 /* extensions.swift in Sources */ = {isa = PBXBuildFile; fileRef = D690EE5525B6EA6400F772B6 /* extensions.swift */; };
		D690EE5825B7150400F772B6 /* Menu.swift in Sources */ = {isa = PBXBuildFile; fileRef = D690EE5725B7150400F772B6 /* Menu.swift */; };
		D690EE6025B7161D00F772B6 /* ObjectMenu.swift in Sources */ = {isa = PBXBuildFile; fileRef = D690EE5F25B7161D00F772B6 /* ObjectMenu.swift */; };
		D690EE6225B7164400F772B6 /* SettingsMenu.swift in Sources */ = {isa = PBXBuildFile; fileRef = D690EE6125B7164400F772B6 /* SettingsMenu.swift */; };
		D6BFAC0825B598230016B52E /* AppDelegate.swift in Sources */ = {isa = PBXBuildFile; fileRef = D6BFAC0725B598230016B52E /* AppDelegate.swift */; };
		D6BFAC0A25B598230016B52E /* SceneDelegate.swift in Sources */ = {isa = PBXBuildFile; fileRef = D6BFAC0925B598230016B52E /* SceneDelegate.swift */; };
		D6BFAC0D25B598230016B52E /* SwiftUI_MiniEditorSaveToFile_doz_11.xcdatamodeld in Sources */ = {isa = PBXBuildFile; fileRef = D6BFAC0B25B598230016B52E /* SwiftUI_MiniEditorSaveToFile_doz_11.xcdatamodeld */; };
		D6BFAC0F25B598230016B52E /* ContentView.swift in Sources */ = {isa = PBXBuildFile; fileRef = D6BFAC0E25B598230016B52E /* ContentView.swift */; };
		D6BFAC1125B598240016B52E /* Assets.xcassets in Resources */ = {isa = PBXBuildFile; fileRef = D6BFAC1025B598240016B52E /* Assets.xcassets */; };
		D6BFAC1425B598240016B52E /* Preview Assets.xcassets in Resources */ = {isa = PBXBuildFile; fileRef = D6BFAC1325B598240016B52E /* Preview Assets.xcassets */; };
		D6BFAC1725B598240016B52E /* LaunchScreen.storyboard in Resources */ = {isa = PBXBuildFile; fileRef = D6BFAC1525B598240016B52E /* LaunchScreen.storyboard */; };
		D6BFAC1F25B5985E0016B52E /* DragView.swift in Sources */ = {isa = PBXBuildFile; fileRef = D6BFAC1E25B5985E0016B52E /* DragView.swift */; };
		D6BFAC2325B598F20016B52E /* DrawView.swift in Sources */ = {isa = PBXBuildFile; fileRef = D6BFAC2225B598F20016B52E /* DrawView.swift */; };
		D6BFAC2725B5BA190016B52E /* AddBtnView.swift in Sources */ = {isa = PBXBuildFile; fileRef = D6BFAC2625B5BA190016B52E /* AddBtnView.swift */; };
/* End PBXBuildFile section */

/* Begin PBXFileReference section */
		D690EE5325B6D2D600F772B6 /* DataController.swift */ = {isa = PBXFileReference; lastKnownFileType = sourcecode.swift; path = DataController.swift; sourceTree = "<group>"; };
		D690EE5525B6EA6400F772B6 /* extensions.swift */ = {isa = PBXFileReference; lastKnownFileType = sourcecode.swift; path = extensions.swift; sourceTree = "<group>"; };
		D690EE5725B7150400F772B6 /* Menu.swift */ = {isa = PBXFileReference; lastKnownFileType = sourcecode.swift; path = Menu.swift; sourceTree = "<group>"; };
		D690EE5F25B7161D00F772B6 /* ObjectMenu.swift */ = {isa = PBXFileReference; lastKnownFileType = sourcecode.swift; path = ObjectMenu.swift; sourceTree = "<group>"; };
		D690EE6125B7164400F772B6 /* SettingsMenu.swift */ = {isa = PBXFileReference; lastKnownFileType = sourcecode.swift; path = SettingsMenu.swift; sourceTree = "<group>"; };
		D6BFAC0425B598220016B52E /* SwiftUI_MiniEditorSaveToFile_doz_11.app */ = {isa = PBXFileReference; explicitFileType = wrapper.application; includeInIndex = 0; path = SwiftUI_MiniEditorSaveToFile_doz_11.app; sourceTree = BUILT_PRODUCTS_DIR; };
		D6BFAC0725B598230016B52E /* AppDelegate.swift */ = {isa = PBXFileReference; lastKnownFileType = sourcecode.swift; path = AppDelegate.swift; sourceTree = "<group>"; };
		D6BFAC0925B598230016B52E /* SceneDelegate.swift */ = {isa = PBXFileReference; lastKnownFileType = sourcecode.swift; path = SceneDelegate.swift; sourceTree = "<group>"; };
		D6BFAC0C25B598230016B52E /* SwiftUI_MiniEditorSaveToFile_doz_11.xcdatamodel */ = {isa = PBXFileReference; lastKnownFileType = wrapper.xcdatamodel; path = SwiftUI_MiniEditorSaveToFile_doz_11.xcdatamodel; sourceTree = "<group>"; };
		D6BFAC0E25B598230016B52E /* ContentView.swift */ = {isa = PBXFileReference; lastKnownFileType = sourcecode.swift; path = ContentView.swift; sourceTree = "<group>"; };
		D6BFAC1025B598240016B52E /* Assets.xcassets */ = {isa = PBXFileReference; lastKnownFileType = folder.assetcatalog; path = Assets.xcassets; sourceTree = "<group>"; };
		D6BFAC1325B598240016B52E /* Preview Assets.xcassets */ = {isa = PBXFileReference; lastKnownFileType = folder.assetcatalog; path = "Preview Assets.xcassets"; sourceTree = "<group>"; };
		D6BFAC1625B598240016B52E /* Base */ = {isa = PBXFileReference; lastKnownFileType = file.storyboard; name = Base; path = Base.lproj/LaunchScreen.storyboard; sourceTree = "<group>"; };
		D6BFAC1825B598240016B52E /* Info.plist */ = {isa = PBXFileReference; lastKnownFileType = text.plist.xml; path = Info.plist; sourceTree = "<group>"; };
		D6BFAC1E25B5985E0016B52E /* DragView.swift */ = {isa = PBXFileReference; fileEncoding = 4; lastKnownFileType = sourcecode.swift; path = DragView.swift; sourceTree = "<group>"; };
		D6BFAC2225B598F20016B52E /* DrawView.swift */ = {isa = PBXFileReference; fileEncoding = 4; lastKnownFileType = sourcecode.swift; path = DrawView.swift; sourceTree = "<group>"; };
		D6BFAC2625B5BA190016B52E /* AddBtnView.swift */ = {isa = PBXFileReference; lastKnownFileType = sourcecode.swift; path = AddBtnView.swift; sourceTree = "<group>"; };
/* End PBXFileReference section */

/* Begin PBXFrameworksBuildPhase section */
		D6BFAC0125B598220016B52E /* Frameworks */ = {
			isa = PBXFrameworksBuildPhase;
			buildActionMask = 2147483647;
			files = (
			);
			runOnlyForDeploymentPostprocessing = 0;
		};
/* End PBXFrameworksBuildPhase section */

/* Begin PBXGroup section */
		D690EE5925B7155100F772B6 /* system */ = {
			isa = PBXGroup;
			children = (
				D690EE5E25B715E400F772B6 /* extension */,
				D6BFAC0725B598230016B52E /* AppDelegate.swift */,
				D6BFAC0925B598230016B52E /* SceneDelegate.swift */,
			);
			path = system;
			sourceTree = "<group>";
		};
		D690EE5A25B7155F00F772B6 /* views */ = {
			isa = PBXGroup;
			children = (
				D690EE5D25B715AB00F772B6 /* overlayMenus */,
				D6BFAC2225B598F20016B52E /* DrawView.swift */,
				D6BFAC0E25B598230016B52E /* ContentView.swift */,
				D690EE5B25B7157000F772B6 /* gfxview */,
			);
			path = views;
			sourceTree = "<group>";
		};
		D690EE5B25B7157000F772B6 /* gfxview */ = {
			isa = PBXGroup;
			children = (
				D6BFAC1E25B5985E0016B52E /* DragView.swift */,
			);
			path = gfxview;
			sourceTree = "<group>";
		};
		D690EE5C25B7159100F772B6 /* data */ = {
			isa = PBXGroup;
			children = (
				D6BFAC0B25B598230016B52E /* SwiftUI_MiniEditorSaveToFile_doz_11.xcdatamodeld */,
				D690EE5325B6D2D600F772B6 /* DataController.swift */,
			);
			path = data;
			sourceTree = "<group>";
		};
		D690EE5D25B715AB00F772B6 /* overlayMenus */ = {
			isa = PBXGroup;
			children = (
				D690EE5F25B7161D00F772B6 /* ObjectMenu.swift */,
				D690EE6125B7164400F772B6 /* SettingsMenu.swift */,
				D690EE5725B7150400F772B6 /* Menu.swift */,
				D6BFAC2625B5BA190016B52E /* AddBtnView.swift */,
			);
			path = overlayMenus;
			sourceTree = "<group>";
		};
		D690EE5E25B715E400F772B6 /* extension */ = {
			isa = PBXGroup;
			children = (
				D690EE5525B6EA6400F772B6 /* extensions.swift */,
			);
			path = extension;
			sourceTree = "<group>";
		};
		D6BFABFB25B598220016B52E = {
			isa = PBXGroup;
			children = (
				D6BFAC0625B598220016B52E /* SwiftUI_MiniEditorSaveToFile_doz_11 */,
				D6BFAC0525B598220016B52E /* Products */,
			);
			sourceTree = "<group>";
		};
		D6BFAC0525B598220016B52E /* Products */ = {
			isa = PBXGroup;
			children = (
				D6BFAC0425B598220016B52E /* SwiftUI_MiniEditorSaveToFile_doz_11.app */,
			);
			name = Products;
			sourceTree = "<group>";
		};
		D6BFAC0625B598220016B52E /* SwiftUI_MiniEditorSaveToFile_doz_11 */ = {
			isa = PBXGroup;
			children = (
				D690EE5925B7155100F772B6 /* system */,
				D690EE5A25B7155F00F772B6 /* views */,
				D690EE5C25B7159100F772B6 /* data */,
				D6BFAC1025B598240016B52E /* Assets.xcassets */,
				D6BFAC1525B598240016B52E /* LaunchScreen.storyboard */,
				D6BFAC1825B598240016B52E /* Info.plist */,
				D6BFAC1225B598240016B52E /* Preview Content */,
			);
			path = SwiftUI_MiniEditorSaveToFile_doz_11;
			sourceTree = "<group>";
		};
		D6BFAC1225B598240016B52E /* Preview Content */ = {
			isa = PBXGroup;
			children = (
				D6BFAC1325B598240016B52E /* Preview Assets.xcassets */,
			);
			path = "Preview Content";
			sourceTree = "<group>";
		};
/* End PBXGroup section */

/* Begin PBXNativeTarget section */
		D6BFAC0325B598220016B52E /* SwiftUI_MiniEditorSaveToFile_doz_11 */ = {
			isa = PBXNativeTarget;
			buildConfigurationList = D6BFAC1B25B598240016B52E /* Build configuration list for PBXNativeTarget "SwiftUI_MiniEditorSaveToFile_doz_11" */;
			buildPhases = (
				D6BFAC0025B598220016B52E /* Sources */,
				D6BFAC0125B598220016B52E /* Frameworks */,
				D6BFAC0225B598220016B52E /* Resources */,
			);
			buildRules = (
			);
			dependencies = (
			);
			name = SwiftUI_MiniEditorSaveToFile_doz_11;
			productName = SwiftUI_MiniEditorSaveToFile_doz_11;
			productReference = D6BFAC0425B598220016B52E /* SwiftUI_MiniEditorSaveToFile_doz_11.app */;
			productType = "com.apple.product-type.application";
		};
/* End PBXNativeTarget section */

/* Begin PBXProject section */
		D6BFABFC25B598220016B52E /* Project object */ = {
			isa = PBXProject;
			attributes = {
				LastSwiftUpdateCheck = 1170;
				LastUpgradeCheck = 1170;
				ORGANIZATIONNAME = zancor;
				TargetAttributes = {
					D6BFAC0325B598220016B52E = {
						CreatedOnToolsVersion = 11.7;
					};
				};
			};
			buildConfigurationList = D6BFABFF25B598220016B52E /* Build configuration list for PBXProject "SwiftUI_MiniEditorSaveToFile_doz_11" */;
			compatibilityVersion = "Xcode 9.3";
			developmentRegion = en;
			hasScannedForEncodings = 0;
			knownRegions = (
				en,
				Base,
			);
			mainGroup = D6BFABFB25B598220016B52E;
			productRefGroup = D6BFAC0525B598220016B52E /* Products */;
			projectDirPath = "";
			projectRoot = "";
			targets = (
				D6BFAC0325B598220016B52E /* SwiftUI_MiniEditorSaveToFile_doz_11 */,
			);
		};
/* End PBXProject section */

/* Begin PBXResourcesBuildPhase section */
		D6BFAC0225B598220016B52E /* Resources */ = {
			isa = PBXResourcesBuildPhase;
			buildActionMask = 2147483647;
			files = (
				D6BFAC1725B598240016B52E /* LaunchScreen.storyboard in Resources */,
				D6BFAC1425B598240016B52E /* Preview Assets.xcassets in Resources */,
				D6BFAC1125B598240016B52E /* Assets.xcassets in Resources */,
			);
			runOnlyForDeploymentPostprocessing = 0;
		};
/* End PBXResourcesBuildPhase section */

/* Begin PBXSourcesBuildPhase section */
		D6BFAC0025B598220016B52E /* Sources */ = {
			isa = PBXSourcesBuildPhase;
			buildActionMask = 2147483647;
			files = (
				D690EE6225B7164400F772B6 /* SettingsMenu.swift in Sources */,
				D6BFAC0825B598230016B52E /* AppDelegate.swift in Sources */,
				D6BFAC0D25B598230016B52E /* SwiftUI_MiniEditorSaveToFile_doz_11.xcdatamodeld in Sources */,
				D6BFAC2325B598F20016B52E /* DrawView.swift in Sources */,
				D690EE5425B6D2D600F772B6 /* DataController.swift in Sources */,
				D690EE5825B7150400F772B6 /* Menu.swift in Sources */,
				D690EE5625B6EA6400F772B6 /* extensions.swift in Sources */,
				D690EE6025B7161D00F772B6 /* ObjectMenu.swift in Sources */,
				D6BFAC0F25B598230016B52E /* ContentView.swift in Sources */,
				D6BFAC2725B5BA190016B52E /* AddBtnView.swift in Sources */,
				D6BFAC0A25B598230016B52E /* SceneDelegate.swift in Sources */,
				D6BFAC1F25B5985E0016B52E /* DragView.swift in Sources */,
			);
			runOnlyForDeploymentPostprocessing = 0;
		};
/* End PBXSourcesBuildPhase section */

/* Begin PBXVariantGroup section */
		D6BFAC1525B598240016B52E /* LaunchScreen.storyboard */ = {
			isa = PBXVariantGroup;
			children = (
				D6BFAC1625B598240016B52E /* Base */,
			);
			name = LaunchScreen.storyboard;
			sourceTree = "<group>";
		};
/* End PBXVariantGroup section */

/* Begin XCBuildConfiguration section */
		D6BFAC1925B598240016B52E /* Debug */ = {
			isa = XCBuildConfiguration;
			buildSettings = {
				ALWAYS_SEARCH_USER_PATHS = NO;
				CLANG_ANALYZER_NONNULL = YES;
				CLANG_ANALYZER_NUMBER_OBJECT_CONVERSION = YES_AGGRESSIVE;
				CLANG_CXX_LANGUAGE_STANDARD = "gnu++14";
				CLANG_CXX_LIBRARY = "libc++";
				CLANG_ENABLE_MODULES = YES;
				CLANG_ENABLE_OBJC_ARC = YES;
				CLANG_ENABLE_OBJC_WEAK = YES;
				CLANG_WARN_BLOCK_CAPTURE_AUTORELEASING = YES;
				CLANG_WARN_BOOL_CONVERSION = YES;
				CLANG_WARN_COMMA = YES;
				CLANG_WARN_CONSTANT_CONVERSION = YES;
				CLANG_WARN_DEPRECATED_OBJC_IMPLEMENTATIONS = YES;
				CLANG_WARN_DIRECT_OBJC_ISA_USAGE = YES_ERROR;
				CLANG_WARN_DOCUMENTATION_COMMENTS = YES;
				CLANG_WARN_EMPTY_BODY = YES;
				CLANG_WARN_ENUM_CONVERSION = YES;
				CLANG_WARN_INFINITE_RECURSION = YES;
				CLANG_WARN_INT_CONVERSION = YES;
				CLANG_WARN_NON_LITERAL_NULL_CONVERSION = YES;
				CLANG_WARN_OBJC_IMPLICIT_RETAIN_SELF = YES;
				CLANG_WARN_OBJC_LITERAL_CONVERSION = YES;
				CLANG_WARN_OBJC_ROOT_CLASS = YES_ERROR;
				CLANG_WARN_RANGE_LOOP_ANALYSIS = YES;
				CLANG_WARN_STRICT_PROTOTYPES = YES;
				CLANG_WARN_SUSPICIOUS_MOVE = YES;
				CLANG_WARN_UNGUARDED_AVAILABILITY = YES_AGGRESSIVE;
				CLANG_WARN_UNREACHABLE_CODE = YES;
				CLANG_WARN__DUPLICATE_METHOD_MATCH = YES;
				COPY_PHASE_STRIP = NO;
				DEBUG_INFORMATION_FORMAT = dwarf;
				ENABLE_STRICT_OBJC_MSGSEND = YES;
				ENABLE_TESTABILITY = YES;
				GCC_C_LANGUAGE_STANDARD = gnu11;
				GCC_DYNAMIC_NO_PIC = NO;
				GCC_NO_COMMON_BLOCKS = YES;
				GCC_OPTIMIZATION_LEVEL = 0;
				GCC_PREPROCESSOR_DEFINITIONS = (
					"DEBUG=1",
					"$(inherited)",
				);
				GCC_WARN_64_TO_32_BIT_CONVERSION = YES;
				GCC_WARN_ABOUT_RETURN_TYPE = YES_ERROR;
				GCC_WARN_UNDECLARED_SELECTOR = YES;
				GCC_WARN_UNINITIALIZED_AUTOS = YES_AGGRESSIVE;
				GCC_WARN_UNUSED_FUNCTION = YES;
				GCC_WARN_UNUSED_VARIABLE = YES;
				IPHONEOS_DEPLOYMENT_TARGET = 13.7;
				MTL_ENABLE_DEBUG_INFO = INCLUDE_SOURCE;
				MTL_FAST_MATH = YES;
				ONLY_ACTIVE_ARCH = YES;
				SDKROOT = iphoneos;
				SWIFT_ACTIVE_COMPILATION_CONDITIONS = DEBUG;
				SWIFT_OPTIMIZATION_LEVEL = "-Onone";
			};
			name = Debug;
		};
		D6BFAC1A25B598240016B52E /* Release */ = {
			isa = XCBuildConfiguration;
			buildSettings = {
				ALWAYS_SEARCH_USER_PATHS = NO;
				CLANG_ANALYZER_NONNULL = YES;
				CLANG_ANALYZER_NUMBER_OBJECT_CONVERSION = YES_AGGRESSIVE;
				CLANG_CXX_LANGUAGE_STANDARD = "gnu++14";
				CLANG_CXX_LIBRARY = "libc++";
				CLANG_ENABLE_MODULES = YES;
				CLANG_ENABLE_OBJC_ARC = YES;
				CLANG_ENABLE_OBJC_WEAK = YES;
				CLANG_WARN_BLOCK_CAPTURE_AUTORELEASING = YES;
				CLANG_WARN_BOOL_CONVERSION = YES;
				CLANG_WARN_COMMA = YES;
				CLANG_WARN_CONSTANT_CONVERSION = YES;
				CLANG_WARN_DEPRECATED_OBJC_IMPLEMENTATIONS = YES;
				CLANG_WARN_DIRECT_OBJC_ISA_USAGE = YES_ERROR;
				CLANG_WARN_DOCUMENTATION_COMMENTS = YES;
				CLANG_WARN_EMPTY_BODY = YES;
				CLANG_WARN_ENUM_CONVERSION = YES;
				CLANG_WARN_INFINITE_RECURSION = YES;
				CLANG_WARN_INT_CONVERSION = YES;
				CLANG_WARN_NON_LITERAL_NULL_CONVERSION = YES;
				CLANG_WARN_OBJC_IMPLICIT_RETAIN_SELF = YES;
				CLANG_WARN_OBJC_LITERAL_CONVERSION = YES;
				CLANG_WARN_OBJC_ROOT_CLASS = YES_ERROR;
				CLANG_WARN_RANGE_LOOP_ANALYSIS = YES;
				CLANG_WARN_STRICT_PROTOTYPES = YES;
				CLANG_WARN_SUSPICIOUS_MOVE = YES;
				CLANG_WARN_UNGUARDED_AVAILABILITY = YES_AGGRESSIVE;
				CLANG_WARN_UNREACHABLE_CODE = YES;
				CLANG_WARN__DUPLICATE_METHOD_MATCH = YES;
				COPY_PHASE_STRIP = NO;
				DEBUG_INFORMATION_FORMAT = "dwarf-with-dsym";
				ENABLE_NS_ASSERTIONS = NO;
				ENABLE_STRICT_OBJC_MSGSEND = YES;
				GCC_C_LANGUAGE_STANDARD = gnu11;
				GCC_NO_COMMON_BLOCKS = YES;
				GCC_WARN_64_TO_32_BIT_CONVERSION = YES;
				GCC_WARN_ABOUT_RETURN_TYPE = YES_ERROR;
				GCC_WARN_UNDECLARED_SELECTOR = YES;
				GCC_WARN_UNINITIALIZED_AUTOS = YES_AGGRESSIVE;
				GCC_WARN_UNUSED_FUNCTION = YES;
				GCC_WARN_UNUSED_VARIABLE = YES;
				IPHONEOS_DEPLOYMENT_TARGET = 13.7;
				MTL_ENABLE_DEBUG_INFO = NO;
				MTL_FAST_MATH = YES;
				SDKROOT = iphoneos;
				SWIFT_COMPILATION_MODE = wholemodule;
				SWIFT_OPTIMIZATION_LEVEL = "-O";
				VALIDATE_PRODUCT = YES;
			};
			name = Release;
		};
		D6BFAC1C25B598240016B52E /* Debug */ = {
			isa = XCBuildConfiguration;
			buildSettings = {
				ASSETCATALOG_COMPILER_APPICON_NAME = AppIcon;
				CODE_SIGN_STYLE = Automatic;
				DEVELOPMENT_ASSET_PATHS = "\"SwiftUI_MiniEditorSaveToFile_doz_11/Preview Content\"";
				ENABLE_PREVIEWS = YES;
				INFOPLIST_FILE = SwiftUI_MiniEditorSaveToFile_doz_11/Info.plist;
				LD_RUNPATH_SEARCH_PATHS = (
					"$(inherited)",
					"@executable_path/Frameworks",
				);
				PRODUCT_BUNDLE_IDENTIFIER = "com.SwiftUI-MiniEditorSaveToFile-doz-11";
				PRODUCT_NAME = "$(TARGET_NAME)";
				SWIFT_VERSION = 5.0;
				TARGETED_DEVICE_FAMILY = 2;
			};
			name = Debug;
		};
		D6BFAC1D25B598240016B52E /* Release */ = {
			isa = XCBuildConfiguration;
			buildSettings = {
				ASSETCATALOG_COMPILER_APPICON_NAME = AppIcon;
				CODE_SIGN_STYLE = Automatic;
				DEVELOPMENT_ASSET_PATHS = "\"SwiftUI_MiniEditorSaveToFile_doz_11/Preview Content\"";
				ENABLE_PREVIEWS = YES;
				INFOPLIST_FILE = SwiftUI_MiniEditorSaveToFile_doz_11/Info.plist;
				LD_RUNPATH_SEARCH_PATHS = (
					"$(inherited)",
					"@executable_path/Frameworks",
				);
				PRODUCT_BUNDLE_IDENTIFIER = "com.SwiftUI-MiniEditorSaveToFile-doz-11";
				PRODUCT_NAME = "$(TARGET_NAME)";
				SWIFT_VERSION = 5.0;
				TARGETED_DEVICE_FAMILY = 2;
			};
			name = Release;
		};
/* End XCBuildConfiguration section */

/* Begin XCConfigurationList section */
		D6BFABFF25B598220016B52E /* Build configuration list for PBXProject "SwiftUI_MiniEditorSaveToFile_doz_11" */ = {
			isa = XCConfigurationList;
			buildConfigurations = (
				D6BFAC1925B598240016B52E /* Debug */,
				D6BFAC1A25B598240016B52E /* Release */,
			);
			defaultConfigurationIsVisible = 0;
			defaultConfigurationName = Release;
		};
		D6BFAC1B25B598240016B52E /* Build configuration list for PBXNativeTarget "SwiftUI_MiniEditorSaveToFile_doz_11" */ = {
			isa = XCConfigurationList;
			buildConfigurations = (
				D6BFAC1C25B598240016B52E /* Debug */,
				D6BFAC1D25B598240016B52E /* Release */,
			);
			defaultConfigurationIsVisible = 0;
			defaultConfigurationName = Release;
		};
/* End XCConfigurationList section */

/* Begin XCVersionGroup section */
		D6BFAC0B25B598230016B52E /* SwiftUI_MiniEditorSaveToFile_doz_11.xcdatamodeld */ = {
			isa = XCVersionGroup;
			children = (
				D6BFAC0C25B598230016B52E /* SwiftUI_MiniEditorSaveToFile_doz_11.xcdatamodel */,
			);
			currentVersion = D6BFAC0C25B598230016B52E /* SwiftUI_MiniEditorSaveToFile_doz_11.xcdatamodel */;
			path = SwiftUI_MiniEditorSaveToFile_doz_11.xcdatamodeld;
			sourceTree = "<group>";
			versionGroupType = wrapper.xcdatamodel;
		};
/* End XCVersionGroup section */
	};
	rootObject = D6BFABFC25B598220016B52E /* Project object */;
}
